
Microsoft Visual Studio Solution File, Format Version 12.00
# Visual Studio Version 16
VisualStudioVersion = 16.0.30309.148
MinimumVisualStudioVersion = 10.0.40219.1
Project("{FAE04EC0-301F-11D3-BF4B-00C04F79EFBC}") = "ProgramacionWeb", "ProgramacionWeb\ProgramacionWeb.csproj", "{90B41AE0-4107-435B-AFA8-BDDB3DFBC8E1}"
EndProject
Global
	GlobalSection(SolutionConfigurationPlatforms) = preSolution
		Debug|Any CPU = Debug|Any CPU
		Release|Any CPU = Release|Any CPU
	EndGlobalSection
	GlobalSection(ProjectConfigurationPlatforms) = postSolution
		{90B41AE0-4107-435B-AFA8-BDDB3DFBC8E1}.Debug|Any CPU.ActiveCfg = Debug|Any CPU
		{90B41AE0-4107-435B-AFA8-BDDB3DFBC8E1}.Debug|Any CPU.Build.0 = Debug|Any CPU
		{90B41AE0-4107-435B-AFA8-BDDB3DFBC8E1}.Release|Any CPU.ActiveCfg = Release|Any CPU
		{90B41AE0-4107-435B-AFA8-BDDB3DFBC8E1}.Release|Any CPU.Build.0 = Release|Any CPU
	EndGlobalSection
	GlobalSection(SolutionProperties) = preSolution
		HideSolutionNode = FALSE
	EndGlobalSection
	GlobalSection(ExtensibilityGlobals) = postSolution
		SolutionGuid = {993799EA-DDAC-42E9-84ED-27F0E0D8A87E}
	EndGlobalSection
EndGlobal
